// !$*UTF8*$!
{
	archiveVersion = 1;
	classes = {
	};
	objectVersion = 46;
	objects = {

/* Begin PBXBuildFile section */
		D948512C17438022007E60FD /* UIKit.framework in Frameworks */ = {isa = PBXBuildFile; fileRef = D948512B17438022007E60FD /* UIKit.framework */; };
		D948512E17438022007E60FD /* Foundation.framework in Frameworks */ = {isa = PBXBuildFile; fileRef = D948512D17438022007E60FD /* Foundation.framework */; };
		D948513017438022007E60FD /* CoreGraphics.framework in Frameworks */ = {isa = PBXBuildFile; fileRef = D948512F17438022007E60FD /* CoreGraphics.framework */; };
		D948513617438022007E60FD /* InfoPlist.strings in Resources */ = {isa = PBXBuildFile; fileRef = D948513417438022007E60FD /* InfoPlist.strings */; };
		D948513817438022007E60FD /* main.m in Sources */ = {isa = PBXBuildFile; fileRef = D948513717438022007E60FD /* main.m */; };
		D948513C17438022007E60FD /* AppDelegate.m in Sources */ = {isa = PBXBuildFile; fileRef = D948513B17438022007E60FD /* AppDelegate.m */; };
		D948513E17438022007E60FD /* Default.png in Resources */ = {isa = PBXBuildFile; fileRef = D948513D17438022007E60FD /* Default.png */; };
		D948514017438022007E60FD /* Default@2x.png in Resources */ = {isa = PBXBuildFile; fileRef = D948513F17438022007E60FD /* Default@2x.png */; };
		D948514217438022007E60FD /* Default-568h@2x.png in Resources */ = {isa = PBXBuildFile; fileRef = D948514117438022007E60FD /* Default-568h@2x.png */; };
		D948514517438022007E60FD /* MainStoryboard_iPhone.storyboard in Resources */ = {isa = PBXBuildFile; fileRef = D948514317438022007E60FD /* MainStoryboard_iPhone.storyboard */; };
		D948514817438022007E60FD /* MainStoryboard_iPad.storyboard in Resources */ = {isa = PBXBuildFile; fileRef = D948514617438022007E60FD /* MainStoryboard_iPad.storyboard */; };
		D948514B17438022007E60FD /* ViewController.m in Sources */ = {isa = PBXBuildFile; fileRef = D948514A17438022007E60FD /* ViewController.m */; };
		D948515317438022007E60FD /* SenTestingKit.framework in Frameworks */ = {isa = PBXBuildFile; fileRef = D948515217438022007E60FD /* SenTestingKit.framework */; };
		D948515417438022007E60FD /* UIKit.framework in Frameworks */ = {isa = PBXBuildFile; fileRef = D948512B17438022007E60FD /* UIKit.framework */; };
		D948515517438022007E60FD /* Foundation.framework in Frameworks */ = {isa = PBXBuildFile; fileRef = D948512D17438022007E60FD /* Foundation.framework */; };
		D948515D17438022007E60FD /* InfoPlist.strings in Resources */ = {isa = PBXBuildFile; fileRef = D948515B17438022007E60FD /* InfoPlist.strings */; };
		D948516017438022007E60FD /* CustomElementsTestTests.m in Sources */ = {isa = PBXBuildFile; fileRef = D948515F17438022007E60FD /* CustomElementsTestTests.m */; };
		D948517517438A30007E60FD /* add_icon.png in Resources */ = {isa = PBXBuildFile; fileRef = D948516A17438A30007E60FD /* add_icon.png */; };
		D948517617438A30007E60FD /* glyphicons_edit_pencil.png in Resources */ = {isa = PBXBuildFile; fileRef = D948516B17438A30007E60FD /* glyphicons_edit_pencil.png */; };
		D948517717438A30007E60FD /* glyphicons_next_chevron.png in Resources */ = {isa = PBXBuildFile; fileRef = D948516C17438A30007E60FD /* glyphicons_next_chevron.png */; };
		D948517817438A30007E60FD /* glyphicons_play.png in Resources */ = {isa = PBXBuildFile; fileRef = D948516D17438A30007E60FD /* glyphicons_play.png */; };
		D948517917438A30007E60FD /* glyphicons_previous_chevron.png in Resources */ = {isa = PBXBuildFile; fileRef = D948516E17438A30007E60FD /* glyphicons_previous_chevron.png */; };
		D948517A17438A30007E60FD /* glyphicons_remove.png in Resources */ = {isa = PBXBuildFile; fileRef = D948516F17438A30007E60FD /* glyphicons_remove.png */; };
		D948517B17438A30007E60FD /* glyphicons_zoom_in.png in Resources */ = {isa = PBXBuildFile; fileRef = D948517017438A30007E60FD /* glyphicons_zoom_in.png */; };
		D948517C17438A30007E60FD /* glyphicons_zoom_out.png in Resources */ = {isa = PBXBuildFile; fileRef = D948517117438A30007E60FD /* glyphicons_zoom_out.png */; };
		D948517D17438A30007E60FD /* substract_icon.png in Resources */ = {isa = PBXBuildFile; fileRef = D948517217438A30007E60FD /* substract_icon.png */; };
		D948517E17438A30007E60FD /* UICustomRoundButton.m in Sources */ = {isa = PBXBuildFile; fileRef = D948517417438A30007E60FD /* UICustomRoundButton.m */; };
		D948518017438B76007E60FD /* info_icon.png in Resources */ = {isa = PBXBuildFile; fileRef = D948517F17438B76007E60FD /* info_icon.png */; };
		D948518417438EEA007E60FD /* UICustomColoredLabel.m in Sources */ = {isa = PBXBuildFile; fileRef = D948518317438EEA007E60FD /* UICustomColoredLabel.m */; };
/* End PBXBuildFile section */

/* Begin PBXContainerItemProxy section */
		D948515617438022007E60FD /* PBXContainerItemProxy */ = {
			isa = PBXContainerItemProxy;
			containerPortal = D948512017438022007E60FD /* Project object */;
			proxyType = 1;
			remoteGlobalIDString = D948512717438022007E60FD;
			remoteInfo = CustomElementsTest;
		};
/* End PBXContainerItemProxy section */

/* Begin PBXFileReference section */
		D948512817438022007E60FD /* CustomElementsTest.app */ = {isa = PBXFileReference; explicitFileType = wrapper.application; includeInIndex = 0; path = CustomElementsTest.app; sourceTree = BUILT_PRODUCTS_DIR; };
		D948512B17438022007E60FD /* UIKit.framework */ = {isa = PBXFileReference; lastKnownFileType = wrapper.framework; name = UIKit.framework; path = System/Library/Frameworks/UIKit.framework; sourceTree = SDKROOT; };
		D948512D17438022007E60FD /* Foundation.framework */ = {isa = PBXFileReference; lastKnownFileType = wrapper.framework; name = Foundation.framework; path = System/Library/Frameworks/Foundation.framework; sourceTree = SDKROOT; };
		D948512F17438022007E60FD /* CoreGraphics.framework */ = {isa = PBXFileReference; lastKnownFileType = wrapper.framework; name = CoreGraphics.framework; path = System/Library/Frameworks/CoreGraphics.framework; sourceTree = SDKROOT; };
		D948513317438022007E60FD /* CustomElementsTest-Info.plist */ = {isa = PBXFileReference; lastKnownFileType = text.plist.xml; path = "CustomElementsTest-Info.plist"; sourceTree = "<group>"; };
		D948513517438022007E60FD /* en */ = {isa = PBXFileReference; lastKnownFileType = text.plist.strings; name = en; path = en.lproj/InfoPlist.strings; sourceTree = "<group>"; };
		D948513717438022007E60FD /* main.m */ = {isa = PBXFileReference; lastKnownFileType = sourcecode.c.objc; path = main.m; sourceTree = "<group>"; };
		D948513917438022007E60FD /* CustomElementsTest-Prefix.pch */ = {isa = PBXFileReference; lastKnownFileType = sourcecode.c.h; path = "CustomElementsTest-Prefix.pch"; sourceTree = "<group>"; };
		D948513A17438022007E60FD /* AppDelegate.h */ = {isa = PBXFileReference; lastKnownFileType = sourcecode.c.h; path = AppDelegate.h; sourceTree = "<group>"; };
		D948513B17438022007E60FD /* AppDelegate.m */ = {isa = PBXFileReference; lastKnownFileType = sourcecode.c.objc; path = AppDelegate.m; sourceTree = "<group>"; };
		D948513D17438022007E60FD /* Default.png */ = {isa = PBXFileReference; lastKnownFileType = image.png; path = Default.png; sourceTree = "<group>"; };
		D948513F17438022007E60FD /* Default@2x.png */ = {isa = PBXFileReference; lastKnownFileType = image.png; path = "Default@2x.png"; sourceTree = "<group>"; };
		D948514117438022007E60FD /* Default-568h@2x.png */ = {isa = PBXFileReference; lastKnownFileType = image.png; path = "Default-568h@2x.png"; sourceTree = "<group>"; };
		D948514417438022007E60FD /* en */ = {isa = PBXFileReference; lastKnownFileType = file.storyboard; name = en; path = en.lproj/MainStoryboard_iPhone.storyboard; sourceTree = "<group>"; };
		D948514717438022007E60FD /* en */ = {isa = PBXFileReference; lastKnownFileType = file.storyboard; name = en; path = en.lproj/MainStoryboard_iPad.storyboard; sourceTree = "<group>"; };
		D948514917438022007E60FD /* ViewController.h */ = {isa = PBXFileReference; lastKnownFileType = sourcecode.c.h; path = ViewController.h; sourceTree = "<group>"; };
		D948514A17438022007E60FD /* ViewController.m */ = {isa = PBXFileReference; lastKnownFileType = sourcecode.c.objc; path = ViewController.m; sourceTree = "<group>"; };
		D948515117438022007E60FD /* CustomElementsTestTests.octest */ = {isa = PBXFileReference; explicitFileType = wrapper.cfbundle; includeInIndex = 0; path = CustomElementsTestTests.octest; sourceTree = BUILT_PRODUCTS_DIR; };
		D948515217438022007E60FD /* SenTestingKit.framework */ = {isa = PBXFileReference; lastKnownFileType = wrapper.framework; name = SenTestingKit.framework; path = Library/Frameworks/SenTestingKit.framework; sourceTree = DEVELOPER_DIR; };
		D948515A17438022007E60FD /* CustomElementsTestTests-Info.plist */ = {isa = PBXFileReference; lastKnownFileType = text.plist.xml; path = "CustomElementsTestTests-Info.plist"; sourceTree = "<group>"; };
		D948515C17438022007E60FD /* en */ = {isa = PBXFileReference; lastKnownFileType = text.plist.strings; name = en; path = en.lproj/InfoPlist.strings; sourceTree = "<group>"; };
		D948515E17438022007E60FD /* CustomElementsTestTests.h */ = {isa = PBXFileReference; lastKnownFileType = sourcecode.c.h; path = CustomElementsTestTests.h; sourceTree = "<group>"; };
		D948515F17438022007E60FD /* CustomElementsTestTests.m */ = {isa = PBXFileReference; lastKnownFileType = sourcecode.c.objc; path = CustomElementsTestTests.m; sourceTree = "<group>"; };
		D948516A17438A30007E60FD /* add_icon.png */ = {isa = PBXFileReference; lastKnownFileType = image.png; path = add_icon.png; sourceTree = "<group>"; };
		D948516B17438A30007E60FD /* glyphicons_edit_pencil.png */ = {isa = PBXFileReference; lastKnownFileType = image.png; path = glyphicons_edit_pencil.png; sourceTree = "<group>"; };
		D948516C17438A30007E60FD /* glyphicons_next_chevron.png */ = {isa = PBXFileReference; lastKnownFileType = image.png; path = glyphicons_next_chevron.png; sourceTree = "<group>"; };
		D948516D17438A30007E60FD /* glyphicons_play.png */ = {isa = PBXFileReference; lastKnownFileType = image.png; path = glyphicons_play.png; sourceTree = "<group>"; };
		D948516E17438A30007E60FD /* glyphicons_previous_chevron.png */ = {isa = PBXFileReference; lastKnownFileType = image.png; path = glyphicons_previous_chevron.png; sourceTree = "<group>"; };
		D948516F17438A30007E60FD /* glyphicons_remove.png */ = {isa = PBXFileReference; lastKnownFileType = image.png; path = glyphicons_remove.png; sourceTree = "<group>"; };
		D948517017438A30007E60FD /* glyphicons_zoom_in.png */ = {isa = PBXFileReference; lastKnownFileType = image.png; path = glyphicons_zoom_in.png; sourceTree = "<group>"; };
		D948517117438A30007E60FD /* glyphicons_zoom_out.png */ = {isa = PBXFileReference; lastKnownFileType = image.png; path = glyphicons_zoom_out.png; sourceTree = "<group>"; };
		D948517217438A30007E60FD /* substract_icon.png */ = {isa = PBXFileReference; lastKnownFileType = image.png; path = substract_icon.png; sourceTree = "<group>"; };
		D948517317438A30007E60FD /* UICustomRoundButton.h */ = {isa = PBXFileReference; fileEncoding = 4; lastKnownFileType = sourcecode.c.h; path = UICustomRoundButton.h; sourceTree = "<group>"; };
		D948517417438A30007E60FD /* UICustomRoundButton.m */ = {isa = PBXFileReference; fileEncoding = 4; lastKnownFileType = sourcecode.c.objc; path = UICustomRoundButton.m; sourceTree = "<group>"; };
		D948517F17438B76007E60FD /* info_icon.png */ = {isa = PBXFileReference; lastKnownFileType = image.png; path = info_icon.png; sourceTree = "<group>"; };
		D948518217438EEA007E60FD /* UICustomColoredLabel.h */ = {isa = PBXFileReference; fileEncoding = 4; lastKnownFileType = sourcecode.c.h; path = UICustomColoredLabel.h; sourceTree = "<group>"; };
		D948518317438EEA007E60FD /* UICustomColoredLabel.m */ = {isa = PBXFileReference; fileEncoding = 4; lastKnownFileType = sourcecode.c.objc; path = UICustomColoredLabel.m; sourceTree = "<group>"; };
/* End PBXFileReference section */

/* Begin PBXFrameworksBuildPhase section */
		D948512517438022007E60FD /* Frameworks */ = {
			isa = PBXFrameworksBuildPhase;
			buildActionMask = 2147483647;
			files = (
				D948512C17438022007E60FD /* UIKit.framework in Frameworks */,
				D948512E17438022007E60FD /* Foundation.framework in Frameworks */,
				D948513017438022007E60FD /* CoreGraphics.framework in Frameworks */,
			);
			runOnlyForDeploymentPostprocessing = 0;
		};
		D948514D17438022007E60FD /* Frameworks */ = {
			isa = PBXFrameworksBuildPhase;
			buildActionMask = 2147483647;
			files = (
				D948515317438022007E60FD /* SenTestingKit.framework in Frameworks */,
				D948515417438022007E60FD /* UIKit.framework in Frameworks */,
				D948515517438022007E60FD /* Foundation.framework in Frameworks */,
			);
			runOnlyForDeploymentPostprocessing = 0;
		};
/* End PBXFrameworksBuildPhase section */

/* Begin PBXGroup section */
		D948511F17438022007E60FD = {
			isa = PBXGroup;
			children = (
				D948513117438022007E60FD /* CustomElementsTest */,
				D948515817438022007E60FD /* CustomElementsTestTests */,
				D948512A17438022007E60FD /* Frameworks */,
				D948512917438022007E60FD /* Products */,
			);
			sourceTree = "<group>";
		};
		D948512917438022007E60FD /* Products */ = {
			isa = PBXGroup;
			children = (
				D948512817438022007E60FD /* CustomElementsTest.app */,
				D948515117438022007E60FD /* CustomElementsTestTests.octest */,
			);
			name = Products;
			sourceTree = "<group>";
		};
		D948512A17438022007E60FD /* Frameworks */ = {
			isa = PBXGroup;
			children = (
				D948512B17438022007E60FD /* UIKit.framework */,
				D948512D17438022007E60FD /* Foundation.framework */,
				D948512F17438022007E60FD /* CoreGraphics.framework */,
				D948515217438022007E60FD /* SenTestingKit.framework */,
			);
			name = Frameworks;
			sourceTree = "<group>";
		};
		D948513117438022007E60FD /* CustomElementsTest */ = {
			isa = PBXGroup;
			children = (
				D948518117438EA3007E60FD /* UICustomColoredLabel */,
				D94851691743817C007E60FD /* UICustomRoundButton */,
				D948513A17438022007E60FD /* AppDelegate.h */,
				D948513B17438022007E60FD /* AppDelegate.m */,
				D948514317438022007E60FD /* MainStoryboard_iPhone.storyboard */,
				D948514617438022007E60FD /* MainStoryboard_iPad.storyboard */,
				D948514917438022007E60FD /* ViewController.h */,
				D948514A17438022007E60FD /* ViewController.m */,
				D948513217438022007E60FD /* Supporting Files */,
			);
			path = CustomElementsTest;
			sourceTree = "<group>";
		};
		D948513217438022007E60FD /* Supporting Files */ = {
			isa = PBXGroup;
			children = (
				D948513317438022007E60FD /* CustomElementsTest-Info.plist */,
				D948513417438022007E60FD /* InfoPlist.strings */,
				D948513717438022007E60FD /* main.m */,
				D948513917438022007E60FD /* CustomElementsTest-Prefix.pch */,
				D948513D17438022007E60FD /* Default.png */,
				D948513F17438022007E60FD /* Default@2x.png */,
				D948514117438022007E60FD /* Default-568h@2x.png */,
			);
			name = "Supporting Files";
			sourceTree = "<group>";
		};
		D948515817438022007E60FD /* CustomElementsTestTests */ = {
			isa = PBXGroup;
			children = (
				D948515E17438022007E60FD /* CustomElementsTestTests.h */,
				D948515F17438022007E60FD /* CustomElementsTestTests.m */,
				D948515917438022007E60FD /* Supporting Files */,
			);
			path = CustomElementsTestTests;
			sourceTree = "<group>";
		};
		D948515917438022007E60FD /* Supporting Files */ = {
			isa = PBXGroup;
			children = (
				D948515A17438022007E60FD /* CustomElementsTestTests-Info.plist */,
				D948515B17438022007E60FD /* InfoPlist.strings */,
			);
			name = "Supporting Files";
			sourceTree = "<group>";
		};
		D94851691743817C007E60FD /* UICustomRoundButton */ = {
			isa = PBXGroup;
			children = (
				D948517F17438B76007E60FD /* info_icon.png */,
				D948516A17438A30007E60FD /* add_icon.png */,
				D948516B17438A30007E60FD /* glyphicons_edit_pencil.png */,
				D948516C17438A30007E60FD /* glyphicons_next_chevron.png */,
				D948516D17438A30007E60FD /* glyphicons_play.png */,
				D948516E17438A30007E60FD /* glyphicons_previous_chevron.png */,
				D948516F17438A30007E60FD /* glyphicons_remove.png */,
				D948517017438A30007E60FD /* glyphicons_zoom_in.png */,
				D948517117438A30007E60FD /* glyphicons_zoom_out.png */,
				D948517217438A30007E60FD /* substract_icon.png */,
				D948517317438A30007E60FD /* UICustomRoundButton.h */,
				D948517417438A30007E60FD /* UICustomRoundButton.m */,
			);
			path = UICustomRoundButton;
			sourceTree = "<group>";
		};
		D948518117438EA3007E60FD /* UICustomColoredLabel */ = {
			isa = PBXGroup;
			children = (
				D948518217438EEA007E60FD /* UICustomColoredLabel.h */,
				D948518317438EEA007E60FD /* UICustomColoredLabel.m */,
			);
			path = UICustomColoredLabel;
			sourceTree = "<group>";
		};
/* End PBXGroup section */

/* Begin PBXNativeTarget section */
		D948512717438022007E60FD /* CustomElementsTest */ = {
			isa = PBXNativeTarget;
			buildConfigurationList = D948516317438022007E60FD /* Build configuration list for PBXNativeTarget "CustomElementsTest" */;
			buildPhases = (
				D948512417438022007E60FD /* Sources */,
				D948512517438022007E60FD /* Frameworks */,
				D948512617438022007E60FD /* Resources */,
			);
			buildRules = (
			);
			dependencies = (
			);
			name = CustomElementsTest;
			productName = CustomElementsTest;
			productReference = D948512817438022007E60FD /* CustomElementsTest.app */;
			productType = "com.apple.product-type.application";
		};
		D948515017438022007E60FD /* CustomElementsTestTests */ = {
			isa = PBXNativeTarget;
			buildConfigurationList = D948516617438022007E60FD /* Build configuration list for PBXNativeTarget "CustomElementsTestTests" */;
			buildPhases = (
				D948514C17438022007E60FD /* Sources */,
				D948514D17438022007E60FD /* Frameworks */,
				D948514E17438022007E60FD /* Resources */,
				D948514F17438022007E60FD /* ShellScript */,
			);
			buildRules = (
			);
			dependencies = (
				D948515717438022007E60FD /* PBXTargetDependency */,
			);
			name = CustomElementsTestTests;
			productName = CustomElementsTestTests;
			productReference = D948515117438022007E60FD /* CustomElementsTestTests.octest */;
			productType = "com.apple.product-type.bundle";
		};
/* End PBXNativeTarget section */

/* Begin PBXProject section */
		D948512017438022007E60FD /* Project object */ = {
			isa = PBXProject;
			attributes = {
				LastUpgradeCheck = 0460;
				ORGANIZATIONNAME = Noelia;
			};
			buildConfigurationList = D948512317438022007E60FD /* Build configuration list for PBXProject "CustomElementsTest" */;
			compatibilityVersion = "Xcode 3.2";
			developmentRegion = English;
			hasScannedForEncodings = 0;
			knownRegions = (
				en,
			);
			mainGroup = D948511F17438022007E60FD;
			productRefGroup = D948512917438022007E60FD /* Products */;
			projectDirPath = "";
			projectRoot = "";
			targets = (
				D948512717438022007E60FD /* CustomElementsTest */,
				D948515017438022007E60FD /* CustomElementsTestTests */,
			);
		};
/* End PBXProject section */

/* Begin PBXResourcesBuildPhase section */
		D948512617438022007E60FD /* Resources */ = {
			isa = PBXResourcesBuildPhase;
			buildActionMask = 2147483647;
			files = (
				D948513617438022007E60FD /* InfoPlist.strings in Resources */,
				D948513E17438022007E60FD /* Default.png in Resources */,
				D948514017438022007E60FD /* Default@2x.png in Resources */,
				D948514217438022007E60FD /* Default-568h@2x.png in Resources */,
				D948514517438022007E60FD /* MainStoryboard_iPhone.storyboard in Resources */,
				D948514817438022007E60FD /* MainStoryboard_iPad.storyboard in Resources */,
				D948517517438A30007E60FD /* add_icon.png in Resources */,
				D948517617438A30007E60FD /* glyphicons_edit_pencil.png in Resources */,
				D948517717438A30007E60FD /* glyphicons_next_chevron.png in Resources */,
				D948517817438A30007E60FD /* glyphicons_play.png in Resources */,
				D948517917438A30007E60FD /* glyphicons_previous_chevron.png in Resources */,
				D948517A17438A30007E60FD /* glyphicons_remove.png in Resources */,
				D948517B17438A30007E60FD /* glyphicons_zoom_in.png in Resources */,
				D948517C17438A30007E60FD /* glyphicons_zoom_out.png in Resources */,
				D948517D17438A30007E60FD /* substract_icon.png in Resources */,
				D948518017438B76007E60FD /* info_icon.png in Resources */,
			);
			runOnlyForDeploymentPostprocessing = 0;
		};
		D948514E17438022007E60FD /* Resources */ = {
			isa = PBXResourcesBuildPhase;
			buildActionMask = 2147483647;
			files = (
				D948515D17438022007E60FD /* InfoPlist.strings in Resources */,
			);
			runOnlyForDeploymentPostprocessing = 0;
		};
/* End PBXResourcesBuildPhase section */

/* Begin PBXShellScriptBuildPhase section */
		D948514F17438022007E60FD /* ShellScript */ = {
			isa = PBXShellScriptBuildPhase;
			buildActionMask = 2147483647;
			files = (
			);
			inputPaths = (
			);
			outputPaths = (
			);
			runOnlyForDeploymentPostprocessing = 0;
			shellPath = /bin/sh;
			shellScript = "# Run the unit tests in this test bundle.\n\"${SYSTEM_DEVELOPER_DIR}/Tools/RunUnitTests\"\n";
		};
/* End PBXShellScriptBuildPhase section */

/* Begin PBXSourcesBuildPhase section */
		D948512417438022007E60FD /* Sources */ = {
			isa = PBXSourcesBuildPhase;
			buildActionMask = 2147483647;
			files = (
				D948513817438022007E60FD /* main.m in Sources */,
				D948513C17438022007E60FD /* AppDelegate.m in Sources */,
				D948514B17438022007E60FD /* ViewController.m in Sources */,
				D948517E17438A30007E60FD /* UICustomRoundButton.m in Sources */,
				D948518417438EEA007E60FD /* UICustomColoredLabel.m in Sources */,
			);
			runOnlyForDeploymentPostprocessing = 0;
		};
		D948514C17438022007E60FD /* Sources */ = {
			isa = PBXSourcesBuildPhase;
			buildActionMask = 2147483647;
			files = (
				D948516017438022007E60FD /* CustomElementsTestTests.m in Sources */,
			);
			runOnlyForDeploymentPostprocessing = 0;
		};
/* End PBXSourcesBuildPhase section */

/* Begin PBXTargetDependency section */
		D948515717438022007E60FD /* PBXTargetDependency */ = {
			isa = PBXTargetDependency;
			target = D948512717438022007E60FD /* CustomElementsTest */;
			targetProxy = D948515617438022007E60FD /* PBXContainerItemProxy */;
		};
/* End PBXTargetDependency section */

/* Begin PBXVariantGroup section */
		D948513417438022007E60FD /* InfoPlist.strings */ = {
			isa = PBXVariantGroup;
			children = (
				D948513517438022007E60FD /* en */,
			);
			name = InfoPlist.strings;
			sourceTree = "<group>";
		};
		D948514317438022007E60FD /* MainStoryboard_iPhone.storyboard */ = {
			isa = PBXVariantGroup;
			children = (
				D948514417438022007E60FD /* en */,
			);
			name = MainStoryboard_iPhone.storyboard;
			sourceTree = "<group>";
		};
		D948514617438022007E60FD /* MainStoryboard_iPad.storyboard */ = {
			isa = PBXVariantGroup;
			children = (
				D948514717438022007E60FD /* en */,
			);
			name = MainStoryboard_iPad.storyboard;
			sourceTree = "<group>";
		};
		D948515B17438022007E60FD /* InfoPlist.strings */ = {
			isa = PBXVariantGroup;
			children = (
				D948515C17438022007E60FD /* en */,
			);
			name = InfoPlist.strings;
			sourceTree = "<group>";
		};
/* End PBXVariantGroup section */

/* Begin XCBuildConfiguration section */
		D948516117438022007E60FD /* Debug */ = {
			isa = XCBuildConfiguration;
			buildSettings = {
				ALWAYS_SEARCH_USER_PATHS = NO;
				CLANG_CXX_LANGUAGE_STANDARD = "gnu++0x";
				CLANG_CXX_LIBRARY = "libc++";
				CLANG_ENABLE_OBJC_ARC = YES;
				CLANG_WARN_CONSTANT_CONVERSION = YES;
				CLANG_WARN_EMPTY_BODY = YES;
				CLANG_WARN_ENUM_CONVERSION = YES;
				CLANG_WARN_INT_CONVERSION = YES;
				CLANG_WARN__DUPLICATE_METHOD_MATCH = YES;
				"CODE_SIGN_IDENTITY[sdk=iphoneos*]" = "iPhone Developer";
				COPY_PHASE_STRIP = NO;
				GCC_C_LANGUAGE_STANDARD = gnu99;
				GCC_DYNAMIC_NO_PIC = NO;
				GCC_OPTIMIZATION_LEVEL = 0;
				GCC_PREPROCESSOR_DEFINITIONS = (
					"DEBUG=1",
					"$(inherited)",
				);
				GCC_SYMBOLS_PRIVATE_EXTERN = NO;
				GCC_WARN_ABOUT_RETURN_TYPE = YES;
				GCC_WARN_UNINITIALIZED_AUTOS = YES;
				GCC_WARN_UNUSED_VARIABLE = YES;
				IPHONEOS_DEPLOYMENT_TARGET = 6.1;
				ONLY_ACTIVE_ARCH = YES;
				SDKROOT = iphoneos;
				TARGETED_DEVICE_FAMILY = "1,2";
			};
			name = Debug;
		};
		D948516217438022007E60FD /* Release */ = {
			isa = XCBuildConfiguration;
			buildSettings = {
				ALWAYS_SEARCH_USER_PATHS = NO;
				CLANG_CXX_LANGUAGE_STANDARD = "gnu++0x";
				CLANG_CXX_LIBRARY = "libc++";
				CLANG_ENABLE_OBJC_ARC = YES;
				CLANG_WARN_CONSTANT_CONVERSION = YES;
				CLANG_WARN_EMPTY_BODY = YES;
				CLANG_WARN_ENUM_CONVERSION = YES;
				CLANG_WARN_INT_CONVERSION = YES;
				CLANG_WARN__DUPLICATE_METHOD_MATCH = YES;
				"CODE_SIGN_IDENTITY[sdk=iphoneos*]" = "iPhone Developer";
				COPY_PHASE_STRIP = YES;
				GCC_C_LANGUAGE_STANDARD = gnu99;
				GCC_WARN_ABOUT_RETURN_TYPE = YES;
				GCC_WARN_UNINITIALIZED_AUTOS = YES;
				GCC_WARN_UNUSED_VARIABLE = YES;
				IPHONEOS_DEPLOYMENT_TARGET = 6.1;
				OTHER_CFLAGS = "-DNS_BLOCK_ASSERTIONS=1";
				SDKROOT = iphoneos;
				TARGETED_DEVICE_FAMILY = "1,2";
				VALIDATE_PRODUCT = YES;
			};
			name = Release;
		};
		D948516417438022007E60FD /* Debug */ = {
			isa = XCBuildConfiguration;
			buildSettings = {
				GCC_PRECOMPILE_PREFIX_HEADER = YES;
				GCC_PREFIX_HEADER = "CustomElementsTest/CustomElementsTest-Prefix.pch";
				INFOPLIST_FILE = "CustomElementsTest/CustomElementsTest-Info.plist";
				PRODUCT_NAME = "$(TARGET_NAME)";
				WRAPPER_EXTENSION = app;
			};
			name = Debug;
		};
		D948516517438022007E60FD /* Release */ = {
			isa = XCBuildConfiguration;
			buildSettings = {
				GCC_PRECOMPILE_PREFIX_HEADER = YES;
				GCC_PREFIX_HEADER = "CustomElementsTest/CustomElementsTest-Prefix.pch";
				INFOPLIST_FILE = "CustomElementsTest/CustomElementsTest-Info.plist";
				PRODUCT_NAME = "$(TARGET_NAME)";
				WRAPPER_EXTENSION = app;
			};
			name = Release;
		};
		D948516717438022007E60FD /* Debug */ = {
			isa = XCBuildConfiguration;
			buildSettings = {
				BUNDLE_LOADER = "$(BUILT_PRODUCTS_DIR)/CustomElementsTest.app/CustomElementsTest";
				FRAMEWORK_SEARCH_PATHS = (
					"\"$(SDKROOT)/Developer/Library/Frameworks\"",
					"\"$(DEVELOPER_LIBRARY_DIR)/Frameworks\"",
				);
				GCC_PRECOMPILE_PREFIX_HEADER = YES;
				GCC_PREFIX_HEADER = "CustomElementsTest/CustomElementsTest-Prefix.pch";
				INFOPLIST_FILE = "CustomElementsTestTests/CustomElementsTestTests-Info.plist";
				PRODUCT_NAME = "$(TARGET_NAME)";
				TEST_HOST = "$(BUNDLE_LOADER)";
				WRAPPER_EXTENSION = octest;
			};
			name = Debug;
		};
		D948516817438022007E60FD /* Release */ = {
			isa = XCBuildConfiguration;
			buildSettings = {
				BUNDLE_LOADER = "$(BUILT_PRODUCTS_DIR)/CustomElementsTest.app/CustomElementsTest";
				FRAMEWORK_SEARCH_PATHS = (
					"\"$(SDKROOT)/Developer/Library/Frameworks\"",
					"\"$(DEVELOPER_LIBRARY_DIR)/Frameworks\"",
				);
				GCC_PRECOMPILE_PREFIX_HEADER = YES;
				GCC_PREFIX_HEADER = "CustomElementsTest/CustomElementsTest-Prefix.pch";
				INFOPLIST_FILE = "CustomElementsTestTests/CustomElementsTestTests-Info.plist";
				PRODUCT_NAME = "$(TARGET_NAME)";
				TEST_HOST = "$(BUNDLE_LOADER)";
				WRAPPER_EXTENSION = octest;
			};
			name = Release;
		};
/* End XCBuildConfiguration section */

/* Begin XCConfigurationList section */
		D948512317438022007E60FD /* Build configuration list for PBXProject "CustomElementsTest" */ = {
			isa = XCConfigurationList;
			buildConfigurations = (
				D948516117438022007E60FD /* Debug */,
				D948516217438022007E60FD /* Release */,
			);
			defaultConfigurationIsVisible = 0;
			defaultConfigurationName = Release;
		};
		D948516317438022007E60FD /* Build configuration list for PBXNativeTarget "CustomElementsTest" */ = {
			isa = XCConfigurationList;
			buildConfigurations = (
				D948516417438022007E60FD /* Debug */,
				D948516517438022007E60FD /* Release */,
			);
			defaultConfigurationIsVisible = 0;
		};
		D948516617438022007E60FD /* Build configuration list for PBXNativeTarget "CustomElementsTestTests" */ = {
			isa = XCConfigurationList;
			buildConfigurations = (
				D948516717438022007E60FD /* Debug */,
				D948516817438022007E60FD /* Release */,
			);
			defaultConfigurationIsVisible = 0;
		};
/* End XCConfigurationList section */
	};
	rootObject = D948512017438022007E60FD /* Project object */;
}
